
Microsoft Visual Studio Solution File, Format Version 12.00
# Visual Studio 15
Project("{FAE04EC0-301F-11D3-BF4B-00C04F79EFBC}") = "UnityEngine.UI", "UnityEngine.UI.csproj", "{3E6319D2-4B40-7253-B19A-6238EF47E008}"
EndProject
Project("{FAE04EC0-301F-11D3-BF4B-00C04F79EFBC}") = "Unity.RenderPipelines.Core.Runtime", "Unity.RenderPipelines.Core.Runtime.csproj", "{CCD9C372-D974-D1FC-50D4-F57AE3FADF2D}"
EndProject
Project("{FAE04EC0-301F-11D3-BF4B-00C04F79EFBC}") = "UnityEngine.TestRunner", "UnityEngine.TestRunner.csproj", "{98B07EF1-AAA1-85BC-94EC-5A2C6647E362}"
EndProject
Project("{FAE04EC0-301F-11D3-BF4B-00C04F79EFBC}") = "Unity.InputSystem", "Unity.InputSystem.csproj", "{7A268DEC-BFB5-070B-0BE0-2C22108781D5}"
EndProject
Project("{FAE04EC0-301F-11D3-BF4B-00C04F79EFBC}") = "Unity.VisualScripting.State", "Unity.VisualScripting.State.csproj", "{9071A287-2B1E-19CC-0A37-710746F1562F}"
EndProject
Project("{FAE04EC0-301F-11D3-BF4B-00C04F79EFBC}") = "Assembly-CSharp", "Assembly-CSharp.csproj", "{BFBC119F-675A-AFBE-637F-4F7001FF128E}"
EndProject
Project("{FAE04EC0-301F-11D3-BF4B-00C04F79EFBC}") = "Unity.RenderPipelines.Universal.Runtime", "Unity.RenderPipelines.Universal.Runtime.csproj", "{A44D5893-1BAD-B47F-3467-2935B1980722}"
EndProject
Project("{FAE04EC0-301F-11D3-BF4B-00C04F79EFBC}") = "Unity.VisualScripting.Flow", "Unity.VisualScripting.Flow.csproj", "{DC0D0127-CA29-3BBB-94B8-8D25B75340CE}"
EndProject
Project("{FAE04EC0-301F-11D3-BF4B-00C04F79EFBC}") = "Unity.VisualScripting.Core", "Unity.VisualScripting.Core.csproj", "{82772CDA-6118-6BA1-8413-D9B43C71E5D1}"
EndProject
Project("{FAE04EC0-301F-11D3-BF4B-00C04F79EFBC}") = "Unity.2D.Animation.Runtime", "Unity.2D.Animation.Runtime.csproj", "{75074A8B-1DBD-F0DA-AE41-A0DE8BB295A6}"
EndProject
Project("{FAE04EC0-301F-11D3-BF4B-00C04F79EFBC}") = "Unity.TextMeshPro", "Unity.TextMeshPro.csproj", "{835F1D2C-359A-2300-4AF8-717DF3AC066C}"
EndProject
Project("{FAE04EC0-301F-11D3-BF4B-00C04F79EFBC}") = "Unity.Burst", "Unity.Burst.csproj", "{D40CFA47-96CD-CECE-BAC2-C5005E5222E8}"
EndProject
Project("{FAE04EC0-301F-11D3-BF4B-00C04F79EFBC}") = "Unity.RenderPipeline.Universal.ShaderLibrary", "Unity.RenderPipeline.Universal.ShaderLibrary.csproj", "{60428A0C-7D67-5E67-803B-17E1DDB3F23E}"
EndProject
Project("{FAE04EC0-301F-11D3-BF4B-00C04F79EFBC}") = "Cinemachine", "Cinemachine.csproj", "{FB0ED29E-DF4C-EDCD-5A59-CA15F49FF391}"
EndProject
Project("{FAE04EC0-301F-11D3-BF4B-00C04F79EFBC}") = "Unity.2D.SpriteShape.Runtime", "Unity.2D.SpriteShape.Runtime.csproj", "{70E749CA-A023-59DC-ACAE-C71CA13343DB}"
EndProject
Project("{FAE04EC0-301F-11D3-BF4B-00C04F79EFBC}") = "Unity.Timeline", "Unity.Timeline.csproj", "{73B0D7C1-9793-5ACC-E3A4-45EA33701FF1}"
EndProject
Project("{FAE04EC0-301F-11D3-BF4B-00C04F79EFBC}") = "Unity.Mathematics", "Unity.Mathematics.csproj", "{EB000EB0-6066-BF9E-7425-FA332B6267D7}"
EndProject
Project("{FAE04EC0-301F-11D3-BF4B-00C04F79EFBC}") = "Unity.ProGrids", "Unity.ProGrids.csproj", "{D4D7AD4F-D9DD-0793-9FD1-54D025BF4BC6}"
EndProject
Project("{FAE04EC0-301F-11D3-BF4B-00C04F79EFBC}") = "Unity.2D.PixelPerfect", "Unity.2D.PixelPerfect.csproj", "{18B135F0-4A74-4E7A-9F71-BA99E8DB5364}"
EndProject
Project("{FAE04EC0-301F-11D3-BF4B-00C04F79EFBC}") = "Unity.2D.IK.Runtime", "Unity.2D.IK.Runtime.csproj", "{5F654444-672C-8C4D-F71F-04EE90226C0E}"
EndProject
Project("{FAE04EC0-301F-11D3-BF4B-00C04F79EFBC}") = "Unity.2D.Common.Runtime", "Unity.2D.Common.Runtime.csproj", "{11827B98-F039-5A26-ADE0-229D782A24D1}"
EndProject
Project("{FAE04EC0-301F-11D3-BF4B-00C04F79EFBC}") = "Unity.2D.Tilemap.Extras", "Unity.2D.Tilemap.Extras.csproj", "{B4D80648-11E7-9EF6-9D37-D0C6607AA50F}"
EndProject
Project("{FAE04EC0-301F-11D3-BF4B-00C04F79EFBC}") = "Unity.RenderPipelines.ShaderGraph.ShaderGraphLibrary", "Unity.RenderPipelines.ShaderGraph.ShaderGraphLibrary.csproj", "{D24F91CE-2A12-672D-1746-9B58322F3274}"
EndProject
Project("{FAE04EC0-301F-11D3-BF4B-00C04F79EFBC}") = "Unity.InputSystem.TestFramework", "Unity.InputSystem.TestFramework.csproj", "{7A6AF84B-97D4-3723-9DC4-EAFBF597F7E3}"
EndProject
Project("{FAE04EC0-301F-11D3-BF4B-00C04F79EFBC}") = "Unity.RenderPipelines.Core.ShaderLibrary", "Unity.RenderPipelines.Core.ShaderLibrary.csproj", "{0421B0BC-A41F-2461-363C-4F755D50D93D}"
EndProject
Project("{FAE04EC0-301F-11D3-BF4B-00C04F79EFBC}") = "Unity.InternalAPIEngineBridge.001", "Unity.InternalAPIEngineBridge.001.csproj", "{70FD1670-30E0-D7FF-FE9A-F5BA30D34E97}"
EndProject
Project("{FAE04EC0-301F-11D3-BF4B-00C04F79EFBC}") = "Unity.RenderPipelines.Universal.Shaders", "Unity.RenderPipelines.Universal.Shaders.csproj", "{75CA946C-5FD0-09F0-FFDC-FA58C4D95CB8}"
EndProject
Project("{FAE04EC0-301F-11D3-BF4B-00C04F79EFBC}") = "Unity.PlasticSCM.Editor", "Unity.PlasticSCM.Editor.csproj", "{56307A64-965D-CF55-C579-3645CAC3304E}"
EndProject
Project("{FAE04EC0-301F-11D3-BF4B-00C04F79EFBC}") = "Unity.VisualScripting.Core.Editor", "Unity.VisualScripting.Core.Editor.csproj", "{4758AF82-24E7-5FA7-E991-F2482D94E910}"
EndProject
Project("{FAE04EC0-301F-11D3-BF4B-00C04F79EFBC}") = "Unity.ShaderGraph.Editor", "Unity.ShaderGraph.Editor.csproj", "{62FE9EB0-3C6C-4078-A065-9F1883B87E4D}"
EndProject
Project("{FAE04EC0-301F-11D3-BF4B-00C04F79EFBC}") = "Unity.Timeline.Editor", "Unity.Timeline.Editor.csproj", "{35ABDB43-791A-4F8F-6FEE-3E9881FD5D3D}"
EndProject
Project("{FAE04EC0-301F-11D3-BF4B-00C04F79EFBC}") = "Unity.RenderPipelines.Universal.Editor", "Unity.RenderPipelines.Universal.Editor.csproj", "{45EF6430-17BB-163F-BCB6-C99FF927923C}"
EndProject
Project("{FAE04EC0-301F-11D3-BF4B-00C04F79EFBC}") = "com.unity.cinemachine.editor", "com.unity.cinemachine.editor.csproj", "{CF034DCD-924B-FA3C-265A-6FE91837E024}"
EndProject
Project("{FAE04EC0-301F-11D3-BF4B-00C04F79EFBC}") = "Unity.TextMeshPro.Editor", "Unity.TextMeshPro.Editor.csproj", "{F1DA810C-032B-4BAE-BD39-C754E1404E4C}"
EndProject
Project("{FAE04EC0-301F-11D3-BF4B-00C04F79EFBC}") = "Unity.2D.Animation.Editor", "Unity.2D.Animation.Editor.csproj", "{403EF27E-5F23-F2D5-CC77-B734D065F5A0}"
EndProject
Project("{FAE04EC0-301F-11D3-BF4B-00C04F79EFBC}") = "Unity.VisualScripting.SettingsProvider.Editor", "Unity.VisualScripting.SettingsProvider.Editor.csproj", "{A4308E71-76CB-1255-17A3-7951670E188C}"
EndProject
Project("{FAE04EC0-301F-11D3-BF4B-00C04F79EFBC}") = "UnityEditor.TestRunner", "UnityEditor.TestRunner.csproj", "{20E6522F-7652-8D15-4F7E-48D7051CEDD3}"
EndProject
Project("{FAE04EC0-301F-11D3-BF4B-00C04F79EFBC}") = "Unity.2D.Tilemap.Editor", "Unity.2D.Tilemap.Editor.csproj", "{06AC5C2F-62F9-C4A6-51A2-9EC0D11A814B}"
EndProject
Project("{FAE04EC0-301F-11D3-BF4B-00C04F79EFBC}") = "Unity.VisualScripting.Flow.Editor", "Unity.VisualScripting.Flow.Editor.csproj", "{8BEAEEBA-D946-5247-CA75-70D493DBC992}"
EndProject
Project("{FAE04EC0-301F-11D3-BF4B-00C04F79EFBC}") = "Unity.Rider.Editor", "Unity.Rider.Editor.csproj", "{26898A21-F0AA-A5C5-0D58-86EDA731121B}"
EndProject
Project("{FAE04EC0-301F-11D3-BF4B-00C04F79EFBC}") = "Unity.2D.Path.Editor", "Unity.2D.Path.Editor.csproj", "{91D6E669-DB8C-0FD7-2A25-1F040466FA5C}"
EndProject
Project("{FAE04EC0-301F-11D3-BF4B-00C04F79EFBC}") = "PsdPlugin", "PsdPlugin.csproj", "{2D56D221-9130-618A-9A45-11DDBE847BBA}"
EndProject
Project("{FAE04EC0-301F-11D3-BF4B-00C04F79EFBC}") = "Unity.RenderPipelines.Core.Editor", "Unity.RenderPipelines.Core.Editor.csproj", "{61AA6ED4-8F88-CA6F-DE94-66DE32C840BE}"
EndProject
Project("{FAE04EC0-301F-11D3-BF4B-00C04F79EFBC}") = "Unity.2D.SpriteShape.Editor", "Unity.2D.SpriteShape.Editor.csproj", "{F57CD14C-1874-6199-504C-894F4A27CA2F}"
EndProject
Project("{FAE04EC0-301F-11D3-BF4B-00C04F79EFBC}") = "Unity.Burst.CodeGen", "Unity.Burst.CodeGen.csproj", "{6A729AEF-0C12-DDF1-1ADE-EA50C858A2D8}"
EndProject
Project("{FAE04EC0-301F-11D3-BF4B-00C04F79EFBC}") = "Unity.2D.PixelPerfect.Editor", "Unity.2D.PixelPerfect.Editor.csproj", "{FBBAAFB7-C7E2-71D4-DFBC-756F35BF6319}"
EndProject
Project("{FAE04EC0-301F-11D3-BF4B-00C04F79EFBC}") = "Unity.VSCode.Editor", "Unity.VSCode.Editor.csproj", "{452C8047-3CD6-142E-7A44-BBB230AE1512}"
EndProject
Project("{FAE04EC0-301F-11D3-BF4B-00C04F79EFBC}") = "Unity.VisualStudio.Editor", "Unity.VisualStudio.Editor.csproj", "{2A8D7F8F-1CF1-477C-FE8B-B4A8458B357B}"
EndProject
Project("{FAE04EC0-301F-11D3-BF4B-00C04F79EFBC}") = "Unity.Settings.Editor", "Unity.Settings.Editor.csproj", "{53C7D089-802D-CAC1-B12F-6859B6E2D5A3}"
EndProject
Project("{FAE04EC0-301F-11D3-BF4B-00C04F79EFBC}") = "PPv2URPConverters", "PPv2URPConverters.csproj", "{81E7DCDE-41AF-FF35-F2E3-B294E8205E40}"
EndProject
Project("{FAE04EC0-301F-11D3-BF4B-00C04F79EFBC}") = "Unity.2D.Sprite.Editor", "Unity.2D.Sprite.Editor.csproj", "{D4A864AF-E1E0-FB01-FE5C-7E4060AB0D2D}"
EndProject
Project("{FAE04EC0-301F-11D3-BF4B-00C04F79EFBC}") = "Unity.2D.Common.Editor", "Unity.2D.Common.Editor.csproj", "{C0BE5D3F-30E3-1F23-AED4-D16DF87AD3D0}"
EndProject
Project("{FAE04EC0-301F-11D3-BF4B-00C04F79EFBC}") = "Unity.CollabProxy.Editor", "Unity.CollabProxy.Editor.csproj", "{DADE7BD9-DA89-D01E-5AD4-9596C44A9525}"
EndProject
Project("{FAE04EC0-301F-11D3-BF4B-00C04F79EFBC}") = "Unity.2D.Psdimporter.Editor", "Unity.2D.Psdimporter.Editor.csproj", "{7D6933FF-CC47-BF43-AAAD-1119EDF4336B}"
EndProject
Project("{FAE04EC0-301F-11D3-BF4B-00C04F79EFBC}") = "Unity.VisualScripting.State.Editor", "Unity.VisualScripting.State.Editor.csproj", "{A3B6B5F8-4CF9-4702-C4E3-7076C2473BA9}"
EndProject
Project("{FAE04EC0-301F-11D3-BF4B-00C04F79EFBC}") = "UnityEditor.UI", "UnityEditor.UI.csproj", "{F40FDA95-0751-C56D-3A7B-AF965EAEFEA0}"
EndProject
Project("{FAE04EC0-301F-11D3-BF4B-00C04F79EFBC}") = "Unity.Searcher.Editor", "Unity.Searcher.Editor.csproj", "{944985D9-35E8-FFF2-C88F-0FBCC55BCAB0}"
EndProject
Project("{FAE04EC0-301F-11D3-BF4B-00C04F79EFBC}") = "Unity.ProGrids.Editor", "Unity.ProGrids.Editor.csproj", "{A924AF0D-16D2-3EFB-33EC-A6D27C7A0680}"
EndProject
Project("{FAE04EC0-301F-11D3-BF4B-00C04F79EFBC}") = "Unity.Burst.Editor", "Unity.Burst.Editor.csproj", "{C3B1E038-3B1D-D0FF-BB09-BD60B80F7C33}"
EndProject
Project("{FAE04EC0-301F-11D3-BF4B-00C04F79EFBC}") = "Unity.2D.IK.Editor", "Unity.2D.IK.Editor.csproj", "{591CBDBF-CA1C-2214-B545-F540C17BA6BB}"
EndProject
Project("{FAE04EC0-301F-11D3-BF4B-00C04F79EFBC}") = "Unity.Play.Publisher.Editor", "Unity.Play.Publisher.Editor.csproj", "{83936C0D-350D-BDE2-46E7-503483F3FA95}"
EndProject
Project("{FAE04EC0-301F-11D3-BF4B-00C04F79EFBC}") = "Unity.ShaderGraph.Utilities", "Unity.ShaderGraph.Utilities.csproj", "{00E999B3-D575-3829-D078-6458E866E5C2}"
EndProject
Project("{FAE04EC0-301F-11D3-BF4B-00C04F79EFBC}") = "Unity.InternalAPIEditorBridgeDev.001", "Unity.InternalAPIEditorBridgeDev.001.csproj", "{D80D8D22-A6AB-F77F-C0BD-B89D3B1A9579}"
EndProject
Project("{FAE04EC0-301F-11D3-BF4B-00C04F79EFBC}") = "Unity.Mathematics.Editor", "Unity.Mathematics.Editor.csproj", "{890DF1A8-ADCE-061C-40B3-B5D268A87C35}"
EndProject
Project("{FAE04EC0-301F-11D3-BF4B-00C04F79EFBC}") = "Unity.2D.Tilemap.Extras.Editor", "Unity.2D.Tilemap.Extras.Editor.csproj", "{029A4654-959E-4BC3-57F7-C25FE0565EAB}"
EndProject
Project("{FAE04EC0-301F-11D3-BF4B-00C04F79EFBC}") = "Unity.InternalAPIEditorBridge.001", "Unity.InternalAPIEditorBridge.001.csproj", "{40D07E7B-0E6A-F419-6CB6-694DCF2803F8}"
EndProject
Project("{FAE04EC0-301F-11D3-BF4B-00C04F79EFBC}") = "Unity.EditorCoroutines.Editor", "Unity.EditorCoroutines.Editor.csproj", "{867723EE-83DC-43AB-BBD4-1FC60BB6200E}"
EndProject
Project("{FAE04EC0-301F-11D3-BF4B-00C04F79EFBC}") = "Unity.VisualScripting.Shared.Editor", "Unity.VisualScripting.Shared.Editor.csproj", "{03704A6E-1968-E359-9DEE-91E38D35C138}"
EndProject
Project("{FAE04EC0-301F-11D3-BF4B-00C04F79EFBC}") = "UnityEngine.UI", "UnityEngine.UI.Player.csproj", "{C239D78E-2DAB-1CCF-1F35-410F8EF63527}"
EndProject
Project("{FAE04EC0-301F-11D3-BF4B-00C04F79EFBC}") = "Unity.RenderPipelines.Core.Runtime", "Unity.RenderPipelines.Core.Runtime.Player.csproj", "{A41CC97F-323A-6BB1-D877-470DB38E9E47}"
EndProject
Project("{FAE04EC0-301F-11D3-BF4B-00C04F79EFBC}") = "UnityEngine.TestRunner", "UnityEngine.TestRunner.Player.csproj", "{0BCAAD77-F9EC-1175-702F-2DB9E09DD563}"
EndProject
Project("{FAE04EC0-301F-11D3-BF4B-00C04F79EFBC}") = "Unity.InputSystem", "Unity.InputSystem.Player.csproj", "{40CAE0AB-6851-CD66-0C59-2C05765AB551}"
EndProject
Project("{FAE04EC0-301F-11D3-BF4B-00C04F79EFBC}") = "Unity.VisualScripting.State", "Unity.VisualScripting.State.Player.csproj", "{84723CBF-E6C1-3032-6271-F030892E5F92}"
EndProject
Project("{FAE04EC0-301F-11D3-BF4B-00C04F79EFBC}") = "Assembly-CSharp", "Assembly-CSharp.Player.csproj", "{649A2768-0E2A-EBC8-5C79-157657F4E225}"
EndProject
Project("{FAE04EC0-301F-11D3-BF4B-00C04F79EFBC}") = "Unity.RenderPipelines.Universal.Runtime", "Unity.RenderPipelines.Universal.Runtime.Player.csproj", "{6D1D8FF8-6550-08EE-90B8-FB01E296285A}"
EndProject
Project("{FAE04EC0-301F-11D3-BF4B-00C04F79EFBC}") = "Unity.VisualScripting.Flow", "Unity.VisualScripting.Flow.Player.csproj", "{EDD21832-ED2C-E9D7-3361-6D239C5B3993}"
EndProject
Project("{FAE04EC0-301F-11D3-BF4B-00C04F79EFBC}") = "Unity.VisualScripting.Core", "Unity.VisualScripting.Core.Player.csproj", "{8FAF6943-D6EA-0878-BB49-BE5518F55F1F}"
EndProject
Project("{FAE04EC0-301F-11D3-BF4B-00C04F79EFBC}") = "Unity.2D.Animation.Runtime", "Unity.2D.Animation.Runtime.Player.csproj", "{73A86A84-1084-98D8-11F3-3093110CE2F7}"
EndProject
Project("{FAE04EC0-301F-11D3-BF4B-00C04F79EFBC}") = "Unity.TextMeshPro", "Unity.TextMeshPro.Player.csproj", "{EBEF1E04-16C6-08F6-278E-3FE675921ED5}"
EndProject
Project("{FAE04EC0-301F-11D3-BF4B-00C04F79EFBC}") = "Unity.Burst", "Unity.Burst.Player.csproj", "{91D56E45-2F5C-D49F-DD67-231C9D61FBD7}"
EndProject
Project("{FAE04EC0-301F-11D3-BF4B-00C04F79EFBC}") = "Unity.RenderPipeline.Universal.ShaderLibrary", "Unity.RenderPipeline.Universal.ShaderLibrary.Player.csproj", "{07125D35-8BB2-9A80-C2E3-9C9B7F26C61F}"
EndProject
Project("{FAE04EC0-301F-11D3-BF4B-00C04F79EFBC}") = "Cinemachine", "Cinemachine.Player.csproj", "{B592B1A2-AB69-B297-2578-04C9A4B9CB20}"
EndProject
Project("{FAE04EC0-301F-11D3-BF4B-00C04F79EFBC}") = "Unity.2D.SpriteShape.Runtime", "Unity.2D.SpriteShape.Runtime.Player.csproj", "{94F3E4CE-FF3C-693E-0211-EF027E57BFC5}"
EndProject
Project("{FAE04EC0-301F-11D3-BF4B-00C04F79EFBC}") = "Unity.Timeline", "Unity.Timeline.Player.csproj", "{EAD635E5-B59C-4A8C-B0CF-18EBA91F12E2}"
EndProject
Project("{FAE04EC0-301F-11D3-BF4B-00C04F79EFBC}") = "Unity.Mathematics", "Unity.Mathematics.Player.csproj", "{41FC859B-2FFD-442F-21B8-DD5D1BB3349C}"
EndProject
Project("{FAE04EC0-301F-11D3-BF4B-00C04F79EFBC}") = "Unity.ProGrids", "Unity.ProGrids.Player.csproj", "{C90B32D8-0A01-C900-DFB9-03E79A5DFB6B}"
EndProject
Project("{FAE04EC0-301F-11D3-BF4B-00C04F79EFBC}") = "Unity.2D.PixelPerfect", "Unity.2D.PixelPerfect.Player.csproj", "{DC989990-D5D3-A1F9-C324-F95E29725B2F}"
EndProject
Project("{FAE04EC0-301F-11D3-BF4B-00C04F79EFBC}") = "Unity.2D.IK.Runtime", "Unity.2D.IK.Runtime.Player.csproj", "{5C09CEFD-3496-45F0-69AC-C544A7749508}"
EndProject
Project("{FAE04EC0-301F-11D3-BF4B-00C04F79EFBC}") = "Unity.2D.Common.Runtime", "Unity.2D.Common.Runtime.Player.csproj", "{4E67D860-3290-27B9-527D-4459A56EECA4}"
EndProject
Project("{FAE04EC0-301F-11D3-BF4B-00C04F79EFBC}") = "Unity.2D.Tilemap.Extras", "Unity.2D.Tilemap.Extras.Player.csproj", "{2DAD5EF9-D8AA-0614-15AC-CAE2BF6BBECB}"
EndProject
Project("{FAE04EC0-301F-11D3-BF4B-00C04F79EFBC}") = "Unity.RenderPipelines.ShaderGraph.ShaderGraphLibrary", "Unity.RenderPipelines.ShaderGraph.ShaderGraphLibrary.Player.csproj", "{032EF35F-0462-E97D-05BA-0755D1B72C2A}"
EndProject
Project("{FAE04EC0-301F-11D3-BF4B-00C04F79EFBC}") = "Unity.InputSystem.TestFramework", "Unity.InputSystem.TestFramework.Player.csproj", "{FB0CF453-C5E0-41D9-7B01-237CEF7F73F8}"
EndProject
Project("{FAE04EC0-301F-11D3-BF4B-00C04F79EFBC}") = "Unity.RenderPipelines.Core.ShaderLibrary", "Unity.RenderPipelines.Core.ShaderLibrary.Player.csproj", "{28CBD4D0-DD2D-E078-730D-4F07C73A4BF6}"
EndProject
Project("{FAE04EC0-301F-11D3-BF4B-00C04F79EFBC}") = "Unity.InternalAPIEngineBridge.001", "Unity.InternalAPIEngineBridge.001.Player.csproj", "{D9DD59A1-076D-1B0C-E562-D307305CA3E3}"
EndProject
Project("{FAE04EC0-301F-11D3-BF4B-00C04F79EFBC}") = "Unity.RenderPipelines.Universal.Shaders", "Unity.RenderPipelines.Universal.Shaders.Player.csproj", "{6626CE65-F62A-EF00-0293-A8C5C4A6E2CF}"
EndProject
Global
	GlobalSection(SolutionConfigurationPlatforms) = preSolution
		Debug|Any CPU = Debug|Any CPU
		Release|Any CPU = Release|Any CPU
	EndGlobalSection
	GlobalSection(ProjectConfigurationPlatforms) = postSolution
		{3E6319D2-4B40-7253-B19A-6238EF47E008}.Debug|Any CPU.ActiveCfg = Debug|Any CPU
		{3E6319D2-4B40-7253-B19A-6238EF47E008}.Debug|Any CPU.Build.0 = Debug|Any CPU
		{3E6319D2-4B40-7253-B19A-6238EF47E008}.Release|Any CPU.ActiveCfg = Release|Any CPU
		{3E6319D2-4B40-7253-B19A-6238EF47E008}.Release|Any CPU.Build.0 = Release|Any CPU
		{CCD9C372-D974-D1FC-50D4-F57AE3FADF2D}.Debug|Any CPU.ActiveCfg = Debug|Any CPU
		{CCD9C372-D974-D1FC-50D4-F57AE3FADF2D}.Debug|Any CPU.Build.0 = Debug|Any CPU
		{CCD9C372-D974-D1FC-50D4-F57AE3FADF2D}.Release|Any CPU.ActiveCfg = Release|Any CPU
		{CCD9C372-D974-D1FC-50D4-F57AE3FADF2D}.Release|Any CPU.Build.0 = Release|Any CPU
		{98B07EF1-AAA1-85BC-94EC-5A2C6647E362}.Debug|Any CPU.ActiveCfg = Debug|Any CPU
		{98B07EF1-AAA1-85BC-94EC-5A2C6647E362}.Debug|Any CPU.Build.0 = Debug|Any CPU
		{98B07EF1-AAA1-85BC-94EC-5A2C6647E362}.Release|Any CPU.ActiveCfg = Release|Any CPU
		{98B07EF1-AAA1-85BC-94EC-5A2C6647E362}.Release|Any CPU.Build.0 = Release|Any CPU
		{7A268DEC-BFB5-070B-0BE0-2C22108781D5}.Debug|Any CPU.ActiveCfg = Debug|Any CPU
		{7A268DEC-BFB5-070B-0BE0-2C22108781D5}.Debug|Any CPU.Build.0 = Debug|Any CPU
		{7A268DEC-BFB5-070B-0BE0-2C22108781D5}.Release|Any CPU.ActiveCfg = Release|Any CPU
		{7A268DEC-BFB5-070B-0BE0-2C22108781D5}.Release|Any CPU.Build.0 = Release|Any CPU
		{9071A287-2B1E-19CC-0A37-710746F1562F}.Debug|Any CPU.ActiveCfg = Debug|Any CPU
		{9071A287-2B1E-19CC-0A37-710746F1562F}.Debug|Any CPU.Build.0 = Debug|Any CPU
		{9071A287-2B1E-19CC-0A37-710746F1562F}.Release|Any CPU.ActiveCfg = Release|Any CPU
		{9071A287-2B1E-19CC-0A37-710746F1562F}.Release|Any CPU.Build.0 = Release|Any CPU
		{BFBC119F-675A-AFBE-637F-4F7001FF128E}.Debug|Any CPU.ActiveCfg = Debug|Any CPU
		{BFBC119F-675A-AFBE-637F-4F7001FF128E}.Debug|Any CPU.Build.0 = Debug|Any CPU
		{BFBC119F-675A-AFBE-637F-4F7001FF128E}.Release|Any CPU.ActiveCfg = Release|Any CPU
		{BFBC119F-675A-AFBE-637F-4F7001FF128E}.Release|Any CPU.Build.0 = Release|Any CPU
		{A44D5893-1BAD-B47F-3467-2935B1980722}.Debug|Any CPU.ActiveCfg = Debug|Any CPU
		{A44D5893-1BAD-B47F-3467-2935B1980722}.Debug|Any CPU.Build.0 = Debug|Any CPU
		{A44D5893-1BAD-B47F-3467-2935B1980722}.Release|Any CPU.ActiveCfg = Release|Any CPU
		{A44D5893-1BAD-B47F-3467-2935B1980722}.Release|Any CPU.Build.0 = Release|Any CPU
		{DC0D0127-CA29-3BBB-94B8-8D25B75340CE}.Debug|Any CPU.ActiveCfg = Debug|Any CPU
		{DC0D0127-CA29-3BBB-94B8-8D25B75340CE}.Debug|Any CPU.Build.0 = Debug|Any CPU
		{DC0D0127-CA29-3BBB-94B8-8D25B75340CE}.Release|Any CPU.ActiveCfg = Release|Any CPU
		{DC0D0127-CA29-3BBB-94B8-8D25B75340CE}.Release|Any CPU.Build.0 = Release|Any CPU
		{82772CDA-6118-6BA1-8413-D9B43C71E5D1}.Debug|Any CPU.ActiveCfg = Debug|Any CPU
		{82772CDA-6118-6BA1-8413-D9B43C71E5D1}.Debug|Any CPU.Build.0 = Debug|Any CPU
		{82772CDA-6118-6BA1-8413-D9B43C71E5D1}.Release|Any CPU.ActiveCfg = Release|Any CPU
		{82772CDA-6118-6BA1-8413-D9B43C71E5D1}.Release|Any CPU.Build.0 = Release|Any CPU
		{75074A8B-1DBD-F0DA-AE41-A0DE8BB295A6}.Debug|Any CPU.ActiveCfg = Debug|Any CPU
		{75074A8B-1DBD-F0DA-AE41-A0DE8BB295A6}.Debug|Any CPU.Build.0 = Debug|Any CPU
		{75074A8B-1DBD-F0DA-AE41-A0DE8BB295A6}.Release|Any CPU.ActiveCfg = Release|Any CPU
		{75074A8B-1DBD-F0DA-AE41-A0DE8BB295A6}.Release|Any CPU.Build.0 = Release|Any CPU
		{835F1D2C-359A-2300-4AF8-717DF3AC066C}.Debug|Any CPU.ActiveCfg = Debug|Any CPU
		{835F1D2C-359A-2300-4AF8-717DF3AC066C}.Debug|Any CPU.Build.0 = Debug|Any CPU
		{835F1D2C-359A-2300-4AF8-717DF3AC066C}.Release|Any CPU.ActiveCfg = Release|Any CPU
		{835F1D2C-359A-2300-4AF8-717DF3AC066C}.Release|Any CPU.Build.0 = Release|Any CPU
		{D40CFA47-96CD-CECE-BAC2-C5005E5222E8}.Debug|Any CPU.ActiveCfg = Debug|Any CPU
		{D40CFA47-96CD-CECE-BAC2-C5005E5222E8}.Debug|Any CPU.Build.0 = Debug|Any CPU
		{D40CFA47-96CD-CECE-BAC2-C5005E5222E8}.Release|Any CPU.ActiveCfg = Release|Any CPU
		{D40CFA47-96CD-CECE-BAC2-C5005E5222E8}.Release|Any CPU.Build.0 = Release|Any CPU
		{60428A0C-7D67-5E67-803B-17E1DDB3F23E}.Debug|Any CPU.ActiveCfg = Debug|Any CPU
		{60428A0C-7D67-5E67-803B-17E1DDB3F23E}.Debug|Any CPU.Build.0 = Debug|Any CPU
		{60428A0C-7D67-5E67-803B-17E1DDB3F23E}.Release|Any CPU.ActiveCfg = Release|Any CPU
		{60428A0C-7D67-5E67-803B-17E1DDB3F23E}.Release|Any CPU.Build.0 = Release|Any CPU
		{FB0ED29E-DF4C-EDCD-5A59-CA15F49FF391}.Debug|Any CPU.ActiveCfg = Debug|Any CPU
		{FB0ED29E-DF4C-EDCD-5A59-CA15F49FF391}.Debug|Any CPU.Build.0 = Debug|Any CPU
		{FB0ED29E-DF4C-EDCD-5A59-CA15F49FF391}.Release|Any CPU.ActiveCfg = Release|Any CPU
		{FB0ED29E-DF4C-EDCD-5A59-CA15F49FF391}.Release|Any CPU.Build.0 = Release|Any CPU
		{70E749CA-A023-59DC-ACAE-C71CA13343DB}.Debug|Any CPU.ActiveCfg = Debug|Any CPU
		{70E749CA-A023-59DC-ACAE-C71CA13343DB}.Debug|Any CPU.Build.0 = Debug|Any CPU
		{70E749CA-A023-59DC-ACAE-C71CA13343DB}.Release|Any CPU.ActiveCfg = Release|Any CPU
		{70E749CA-A023-59DC-ACAE-C71CA13343DB}.Release|Any CPU.Build.0 = Release|Any CPU
		{73B0D7C1-9793-5ACC-E3A4-45EA33701FF1}.Debug|Any CPU.ActiveCfg = Debug|Any CPU
		{73B0D7C1-9793-5ACC-E3A4-45EA33701FF1}.Debug|Any CPU.Build.0 = Debug|Any CPU
		{73B0D7C1-9793-5ACC-E3A4-45EA33701FF1}.Release|Any CPU.ActiveCfg = Release|Any CPU
		{73B0D7C1-9793-5ACC-E3A4-45EA33701FF1}.Release|Any CPU.Build.0 = Release|Any CPU
		{EB000EB0-6066-BF9E-7425-FA332B6267D7}.Debug|Any CPU.ActiveCfg = Debug|Any CPU
		{EB000EB0-6066-BF9E-7425-FA332B6267D7}.Debug|Any CPU.Build.0 = Debug|Any CPU
		{EB000EB0-6066-BF9E-7425-FA332B6267D7}.Release|Any CPU.ActiveCfg = Release|Any CPU
		{EB000EB0-6066-BF9E-7425-FA332B6267D7}.Release|Any CPU.Build.0 = Release|Any CPU
		{D4D7AD4F-D9DD-0793-9FD1-54D025BF4BC6}.Debug|Any CPU.ActiveCfg = Debug|Any CPU
		{D4D7AD4F-D9DD-0793-9FD1-54D025BF4BC6}.Debug|Any CPU.Build.0 = Debug|Any CPU
		{D4D7AD4F-D9DD-0793-9FD1-54D025BF4BC6}.Release|Any CPU.ActiveCfg = Release|Any CPU
		{D4D7AD4F-D9DD-0793-9FD1-54D025BF4BC6}.Release|Any CPU.Build.0 = Release|Any CPU
		{18B135F0-4A74-4E7A-9F71-BA99E8DB5364}.Debug|Any CPU.ActiveCfg = Debug|Any CPU
		{18B135F0-4A74-4E7A-9F71-BA99E8DB5364}.Debug|Any CPU.Build.0 = Debug|Any CPU
		{18B135F0-4A74-4E7A-9F71-BA99E8DB5364}.Release|Any CPU.ActiveCfg = Release|Any CPU
		{18B135F0-4A74-4E7A-9F71-BA99E8DB5364}.Release|Any CPU.Build.0 = Release|Any CPU
		{5F654444-672C-8C4D-F71F-04EE90226C0E}.Debug|Any CPU.ActiveCfg = Debug|Any CPU
		{5F654444-672C-8C4D-F71F-04EE90226C0E}.Debug|Any CPU.Build.0 = Debug|Any CPU
		{5F654444-672C-8C4D-F71F-04EE90226C0E}.Release|Any CPU.ActiveCfg = Release|Any CPU
		{5F654444-672C-8C4D-F71F-04EE90226C0E}.Release|Any CPU.Build.0 = Release|Any CPU
		{11827B98-F039-5A26-ADE0-229D782A24D1}.Debug|Any CPU.ActiveCfg = Debug|Any CPU
		{11827B98-F039-5A26-ADE0-229D782A24D1}.Debug|Any CPU.Build.0 = Debug|Any CPU
		{11827B98-F039-5A26-ADE0-229D782A24D1}.Release|Any CPU.ActiveCfg = Release|Any CPU
		{11827B98-F039-5A26-ADE0-229D782A24D1}.Release|Any CPU.Build.0 = Release|Any CPU
		{B4D80648-11E7-9EF6-9D37-D0C6607AA50F}.Debug|Any CPU.ActiveCfg = Debug|Any CPU
		{B4D80648-11E7-9EF6-9D37-D0C6607AA50F}.Debug|Any CPU.Build.0 = Debug|Any CPU
		{B4D80648-11E7-9EF6-9D37-D0C6607AA50F}.Release|Any CPU.ActiveCfg = Release|Any CPU
		{B4D80648-11E7-9EF6-9D37-D0C6607AA50F}.Release|Any CPU.Build.0 = Release|Any CPU
		{D24F91CE-2A12-672D-1746-9B58322F3274}.Debug|Any CPU.ActiveCfg = Debug|Any CPU
		{D24F91CE-2A12-672D-1746-9B58322F3274}.Debug|Any CPU.Build.0 = Debug|Any CPU
		{D24F91CE-2A12-672D-1746-9B58322F3274}.Release|Any CPU.ActiveCfg = Release|Any CPU
		{D24F91CE-2A12-672D-1746-9B58322F3274}.Release|Any CPU.Build.0 = Release|Any CPU
		{7A6AF84B-97D4-3723-9DC4-EAFBF597F7E3}.Debug|Any CPU.ActiveCfg = Debug|Any CPU
		{7A6AF84B-97D4-3723-9DC4-EAFBF597F7E3}.Debug|Any CPU.Build.0 = Debug|Any CPU
		{7A6AF84B-97D4-3723-9DC4-EAFBF597F7E3}.Release|Any CPU.ActiveCfg = Release|Any CPU
		{7A6AF84B-97D4-3723-9DC4-EAFBF597F7E3}.Release|Any CPU.Build.0 = Release|Any CPU
		{0421B0BC-A41F-2461-363C-4F755D50D93D}.Debug|Any CPU.ActiveCfg = Debug|Any CPU
		{0421B0BC-A41F-2461-363C-4F755D50D93D}.Debug|Any CPU.Build.0 = Debug|Any CPU
		{0421B0BC-A41F-2461-363C-4F755D50D93D}.Release|Any CPU.ActiveCfg = Release|Any CPU
		{0421B0BC-A41F-2461-363C-4F755D50D93D}.Release|Any CPU.Build.0 = Release|Any CPU
		{70FD1670-30E0-D7FF-FE9A-F5BA30D34E97}.Debug|Any CPU.ActiveCfg = Debug|Any CPU
		{70FD1670-30E0-D7FF-FE9A-F5BA30D34E97}.Debug|Any CPU.Build.0 = Debug|Any CPU
		{70FD1670-30E0-D7FF-FE9A-F5BA30D34E97}.Release|Any CPU.ActiveCfg = Release|Any CPU
		{70FD1670-30E0-D7FF-FE9A-F5BA30D34E97}.Release|Any CPU.Build.0 = Release|Any CPU
		{75CA946C-5FD0-09F0-FFDC-FA58C4D95CB8}.Debug|Any CPU.ActiveCfg = Debug|Any CPU
		{75CA946C-5FD0-09F0-FFDC-FA58C4D95CB8}.Debug|Any CPU.Build.0 = Debug|Any CPU
		{75CA946C-5FD0-09F0-FFDC-FA58C4D95CB8}.Release|Any CPU.ActiveCfg = Release|Any CPU
		{75CA946C-5FD0-09F0-FFDC-FA58C4D95CB8}.Release|Any CPU.Build.0 = Release|Any CPU
		{56307A64-965D-CF55-C579-3645CAC3304E}.Debug|Any CPU.ActiveCfg = Debug|Any CPU
		{56307A64-965D-CF55-C579-3645CAC3304E}.Debug|Any CPU.Build.0 = Debug|Any CPU
		{56307A64-965D-CF55-C579-3645CAC3304E}.Release|Any CPU.ActiveCfg = Release|Any CPU
		{56307A64-965D-CF55-C579-3645CAC3304E}.Release|Any CPU.Build.0 = Release|Any CPU
		{4758AF82-24E7-5FA7-E991-F2482D94E910}.Debug|Any CPU.ActiveCfg = Debug|Any CPU
		{4758AF82-24E7-5FA7-E991-F2482D94E910}.Debug|Any CPU.Build.0 = Debug|Any CPU
		{4758AF82-24E7-5FA7-E991-F2482D94E910}.Release|Any CPU.ActiveCfg = Release|Any CPU
		{4758AF82-24E7-5FA7-E991-F2482D94E910}.Release|Any CPU.Build.0 = Release|Any CPU
		{62FE9EB0-3C6C-4078-A065-9F1883B87E4D}.Debug|Any CPU.ActiveCfg = Debug|Any CPU
		{62FE9EB0-3C6C-4078-A065-9F1883B87E4D}.Debug|Any CPU.Build.0 = Debug|Any CPU
		{62FE9EB0-3C6C-4078-A065-9F1883B87E4D}.Release|Any CPU.ActiveCfg = Release|Any CPU
		{62FE9EB0-3C6C-4078-A065-9F1883B87E4D}.Release|Any CPU.Build.0 = Release|Any CPU
		{35ABDB43-791A-4F8F-6FEE-3E9881FD5D3D}.Debug|Any CPU.ActiveCfg = Debug|Any CPU
		{35ABDB43-791A-4F8F-6FEE-3E9881FD5D3D}.Debug|Any CPU.Build.0 = Debug|Any CPU
		{35ABDB43-791A-4F8F-6FEE-3E9881FD5D3D}.Release|Any CPU.ActiveCfg = Release|Any CPU
		{35ABDB43-791A-4F8F-6FEE-3E9881FD5D3D}.Release|Any CPU.Build.0 = Release|Any CPU
		{45EF6430-17BB-163F-BCB6-C99FF927923C}.Debug|Any CPU.ActiveCfg = Debug|Any CPU
		{45EF6430-17BB-163F-BCB6-C99FF927923C}.Debug|Any CPU.Build.0 = Debug|Any CPU
		{45EF6430-17BB-163F-BCB6-C99FF927923C}.Release|Any CPU.ActiveCfg = Release|Any CPU
		{45EF6430-17BB-163F-BCB6-C99FF927923C}.Release|Any CPU.Build.0 = Release|Any CPU
		{CF034DCD-924B-FA3C-265A-6FE91837E024}.Debug|Any CPU.ActiveCfg = Debug|Any CPU
		{CF034DCD-924B-FA3C-265A-6FE91837E024}.Debug|Any CPU.Build.0 = Debug|Any CPU
		{CF034DCD-924B-FA3C-265A-6FE91837E024}.Release|Any CPU.ActiveCfg = Release|Any CPU
		{CF034DCD-924B-FA3C-265A-6FE91837E024}.Release|Any CPU.Build.0 = Release|Any CPU
		{F1DA810C-032B-4BAE-BD39-C754E1404E4C}.Debug|Any CPU.ActiveCfg = Debug|Any CPU
		{F1DA810C-032B-4BAE-BD39-C754E1404E4C}.Debug|Any CPU.Build.0 = Debug|Any CPU
		{F1DA810C-032B-4BAE-BD39-C754E1404E4C}.Release|Any CPU.ActiveCfg = Release|Any CPU
		{F1DA810C-032B-4BAE-BD39-C754E1404E4C}.Release|Any CPU.Build.0 = Release|Any CPU
		{403EF27E-5F23-F2D5-CC77-B734D065F5A0}.Debug|Any CPU.ActiveCfg = Debug|Any CPU
		{403EF27E-5F23-F2D5-CC77-B734D065F5A0}.Debug|Any CPU.Build.0 = Debug|Any CPU
		{403EF27E-5F23-F2D5-CC77-B734D065F5A0}.Release|Any CPU.ActiveCfg = Release|Any CPU
		{403EF27E-5F23-F2D5-CC77-B734D065F5A0}.Release|Any CPU.Build.0 = Release|Any CPU
		{A4308E71-76CB-1255-17A3-7951670E188C}.Debug|Any CPU.ActiveCfg = Debug|Any CPU
		{A4308E71-76CB-1255-17A3-7951670E188C}.Debug|Any CPU.Build.0 = Debug|Any CPU
		{A4308E71-76CB-1255-17A3-7951670E188C}.Release|Any CPU.ActiveCfg = Release|Any CPU
		{A4308E71-76CB-1255-17A3-7951670E188C}.Release|Any CPU.Build.0 = Release|Any CPU
		{20E6522F-7652-8D15-4F7E-48D7051CEDD3}.Debug|Any CPU.ActiveCfg = Debug|Any CPU
		{20E6522F-7652-8D15-4F7E-48D7051CEDD3}.Debug|Any CPU.Build.0 = Debug|Any CPU
		{20E6522F-7652-8D15-4F7E-48D7051CEDD3}.Release|Any CPU.ActiveCfg = Release|Any CPU
		{20E6522F-7652-8D15-4F7E-48D7051CEDD3}.Release|Any CPU.Build.0 = Release|Any CPU
		{06AC5C2F-62F9-C4A6-51A2-9EC0D11A814B}.Debug|Any CPU.ActiveCfg = Debug|Any CPU
		{06AC5C2F-62F9-C4A6-51A2-9EC0D11A814B}.Debug|Any CPU.Build.0 = Debug|Any CPU
		{06AC5C2F-62F9-C4A6-51A2-9EC0D11A814B}.Release|Any CPU.ActiveCfg = Release|Any CPU
		{06AC5C2F-62F9-C4A6-51A2-9EC0D11A814B}.Release|Any CPU.Build.0 = Release|Any CPU
		{8BEAEEBA-D946-5247-CA75-70D493DBC992}.Debug|Any CPU.ActiveCfg = Debug|Any CPU
		{8BEAEEBA-D946-5247-CA75-70D493DBC992}.Debug|Any CPU.Build.0 = Debug|Any CPU
		{8BEAEEBA-D946-5247-CA75-70D493DBC992}.Release|Any CPU.ActiveCfg = Release|Any CPU
		{8BEAEEBA-D946-5247-CA75-70D493DBC992}.Release|Any CPU.Build.0 = Release|Any CPU
		{26898A21-F0AA-A5C5-0D58-86EDA731121B}.Debug|Any CPU.ActiveCfg = Debug|Any CPU
		{26898A21-F0AA-A5C5-0D58-86EDA731121B}.Debug|Any CPU.Build.0 = Debug|Any CPU
		{26898A21-F0AA-A5C5-0D58-86EDA731121B}.Release|Any CPU.ActiveCfg = Release|Any CPU
		{26898A21-F0AA-A5C5-0D58-86EDA731121B}.Release|Any CPU.Build.0 = Release|Any CPU
		{91D6E669-DB8C-0FD7-2A25-1F040466FA5C}.Debug|Any CPU.ActiveCfg = Debug|Any CPU
		{91D6E669-DB8C-0FD7-2A25-1F040466FA5C}.Debug|Any CPU.Build.0 = Debug|Any CPU
		{91D6E669-DB8C-0FD7-2A25-1F040466FA5C}.Release|Any CPU.ActiveCfg = Release|Any CPU
		{91D6E669-DB8C-0FD7-2A25-1F040466FA5C}.Release|Any CPU.Build.0 = Release|Any CPU
		{2D56D221-9130-618A-9A45-11DDBE847BBA}.Debug|Any CPU.ActiveCfg = Debug|Any CPU
		{2D56D221-9130-618A-9A45-11DDBE847BBA}.Debug|Any CPU.Build.0 = Debug|Any CPU
		{2D56D221-9130-618A-9A45-11DDBE847BBA}.Release|Any CPU.ActiveCfg = Release|Any CPU
		{2D56D221-9130-618A-9A45-11DDBE847BBA}.Release|Any CPU.Build.0 = Release|Any CPU
		{61AA6ED4-8F88-CA6F-DE94-66DE32C840BE}.Debug|Any CPU.ActiveCfg = Debug|Any CPU
		{61AA6ED4-8F88-CA6F-DE94-66DE32C840BE}.Debug|Any CPU.Build.0 = Debug|Any CPU
		{61AA6ED4-8F88-CA6F-DE94-66DE32C840BE}.Release|Any CPU.ActiveCfg = Release|Any CPU
		{61AA6ED4-8F88-CA6F-DE94-66DE32C840BE}.Release|Any CPU.Build.0 = Release|Any CPU
		{F57CD14C-1874-6199-504C-894F4A27CA2F}.Debug|Any CPU.ActiveCfg = Debug|Any CPU
		{F57CD14C-1874-6199-504C-894F4A27CA2F}.Debug|Any CPU.Build.0 = Debug|Any CPU
		{F57CD14C-1874-6199-504C-894F4A27CA2F}.Release|Any CPU.ActiveCfg = Release|Any CPU
		{F57CD14C-1874-6199-504C-894F4A27CA2F}.Release|Any CPU.Build.0 = Release|Any CPU
		{6A729AEF-0C12-DDF1-1ADE-EA50C858A2D8}.Debug|Any CPU.ActiveCfg = Debug|Any CPU
		{6A729AEF-0C12-DDF1-1ADE-EA50C858A2D8}.Debug|Any CPU.Build.0 = Debug|Any CPU
		{6A729AEF-0C12-DDF1-1ADE-EA50C858A2D8}.Release|Any CPU.ActiveCfg = Release|Any CPU
		{6A729AEF-0C12-DDF1-1ADE-EA50C858A2D8}.Release|Any CPU.Build.0 = Release|Any CPU
		{FBBAAFB7-C7E2-71D4-DFBC-756F35BF6319}.Debug|Any CPU.ActiveCfg = Debug|Any CPU
		{FBBAAFB7-C7E2-71D4-DFBC-756F35BF6319}.Debug|Any CPU.Build.0 = Debug|Any CPU
		{FBBAAFB7-C7E2-71D4-DFBC-756F35BF6319}.Release|Any CPU.ActiveCfg = Release|Any CPU
		{FBBAAFB7-C7E2-71D4-DFBC-756F35BF6319}.Release|Any CPU.Build.0 = Release|Any CPU
		{452C8047-3CD6-142E-7A44-BBB230AE1512}.Debug|Any CPU.ActiveCfg = Debug|Any CPU
		{452C8047-3CD6-142E-7A44-BBB230AE1512}.Debug|Any CPU.Build.0 = Debug|Any CPU
		{452C8047-3CD6-142E-7A44-BBB230AE1512}.Release|Any CPU.ActiveCfg = Release|Any CPU
		{452C8047-3CD6-142E-7A44-BBB230AE1512}.Release|Any CPU.Build.0 = Release|Any CPU
		{2A8D7F8F-1CF1-477C-FE8B-B4A8458B357B}.Debug|Any CPU.ActiveCfg = Debug|Any CPU
		{2A8D7F8F-1CF1-477C-FE8B-B4A8458B357B}.Debug|Any CPU.Build.0 = Debug|Any CPU
		{2A8D7F8F-1CF1-477C-FE8B-B4A8458B357B}.Release|Any CPU.ActiveCfg = Release|Any CPU
		{2A8D7F8F-1CF1-477C-FE8B-B4A8458B357B}.Release|Any CPU.Build.0 = Release|Any CPU
		{53C7D089-802D-CAC1-B12F-6859B6E2D5A3}.Debug|Any CPU.ActiveCfg = Debug|Any CPU
		{53C7D089-802D-CAC1-B12F-6859B6E2D5A3}.Debug|Any CPU.Build.0 = Debug|Any CPU
		{53C7D089-802D-CAC1-B12F-6859B6E2D5A3}.Release|Any CPU.ActiveCfg = Release|Any CPU
		{53C7D089-802D-CAC1-B12F-6859B6E2D5A3}.Release|Any CPU.Build.0 = Release|Any CPU
		{81E7DCDE-41AF-FF35-F2E3-B294E8205E40}.Debug|Any CPU.ActiveCfg = Debug|Any CPU
		{81E7DCDE-41AF-FF35-F2E3-B294E8205E40}.Debug|Any CPU.Build.0 = Debug|Any CPU
		{81E7DCDE-41AF-FF35-F2E3-B294E8205E40}.Release|Any CPU.ActiveCfg = Release|Any CPU
		{81E7DCDE-41AF-FF35-F2E3-B294E8205E40}.Release|Any CPU.Build.0 = Release|Any CPU
		{D4A864AF-E1E0-FB01-FE5C-7E4060AB0D2D}.Debug|Any CPU.ActiveCfg = Debug|Any CPU
		{D4A864AF-E1E0-FB01-FE5C-7E4060AB0D2D}.Debug|Any CPU.Build.0 = Debug|Any CPU
		{D4A864AF-E1E0-FB01-FE5C-7E4060AB0D2D}.Release|Any CPU.ActiveCfg = Release|Any CPU
		{D4A864AF-E1E0-FB01-FE5C-7E4060AB0D2D}.Release|Any CPU.Build.0 = Release|Any CPU
		{C0BE5D3F-30E3-1F23-AED4-D16DF87AD3D0}.Debug|Any CPU.ActiveCfg = Debug|Any CPU
		{C0BE5D3F-30E3-1F23-AED4-D16DF87AD3D0}.Debug|Any CPU.Build.0 = Debug|Any CPU
		{C0BE5D3F-30E3-1F23-AED4-D16DF87AD3D0}.Release|Any CPU.ActiveCfg = Release|Any CPU
		{C0BE5D3F-30E3-1F23-AED4-D16DF87AD3D0}.Release|Any CPU.Build.0 = Release|Any CPU
		{DADE7BD9-DA89-D01E-5AD4-9596C44A9525}.Debug|Any CPU.ActiveCfg = Debug|Any CPU
		{DADE7BD9-DA89-D01E-5AD4-9596C44A9525}.Debug|Any CPU.Build.0 = Debug|Any CPU
		{DADE7BD9-DA89-D01E-5AD4-9596C44A9525}.Release|Any CPU.ActiveCfg = Release|Any CPU
		{DADE7BD9-DA89-D01E-5AD4-9596C44A9525}.Release|Any CPU.Build.0 = Release|Any CPU
		{7D6933FF-CC47-BF43-AAAD-1119EDF4336B}.Debug|Any CPU.ActiveCfg = Debug|Any CPU
		{7D6933FF-CC47-BF43-AAAD-1119EDF4336B}.Debug|Any CPU.Build.0 = Debug|Any CPU
		{7D6933FF-CC47-BF43-AAAD-1119EDF4336B}.Release|Any CPU.ActiveCfg = Release|Any CPU
		{7D6933FF-CC47-BF43-AAAD-1119EDF4336B}.Release|Any CPU.Build.0 = Release|Any CPU
		{A3B6B5F8-4CF9-4702-C4E3-7076C2473BA9}.Debug|Any CPU.ActiveCfg = Debug|Any CPU
		{A3B6B5F8-4CF9-4702-C4E3-7076C2473BA9}.Debug|Any CPU.Build.0 = Debug|Any CPU
		{A3B6B5F8-4CF9-4702-C4E3-7076C2473BA9}.Release|Any CPU.ActiveCfg = Release|Any CPU
		{A3B6B5F8-4CF9-4702-C4E3-7076C2473BA9}.Release|Any CPU.Build.0 = Release|Any CPU
		{F40FDA95-0751-C56D-3A7B-AF965EAEFEA0}.Debug|Any CPU.ActiveCfg = Debug|Any CPU
		{F40FDA95-0751-C56D-3A7B-AF965EAEFEA0}.Debug|Any CPU.Build.0 = Debug|Any CPU
		{F40FDA95-0751-C56D-3A7B-AF965EAEFEA0}.Release|Any CPU.ActiveCfg = Release|Any CPU
		{F40FDA95-0751-C56D-3A7B-AF965EAEFEA0}.Release|Any CPU.Build.0 = Release|Any CPU
		{944985D9-35E8-FFF2-C88F-0FBCC55BCAB0}.Debug|Any CPU.ActiveCfg = Debug|Any CPU
		{944985D9-35E8-FFF2-C88F-0FBCC55BCAB0}.Debug|Any CPU.Build.0 = Debug|Any CPU
		{944985D9-35E8-FFF2-C88F-0FBCC55BCAB0}.Release|Any CPU.ActiveCfg = Release|Any CPU
		{944985D9-35E8-FFF2-C88F-0FBCC55BCAB0}.Release|Any CPU.Build.0 = Release|Any CPU
		{A924AF0D-16D2-3EFB-33EC-A6D27C7A0680}.Debug|Any CPU.ActiveCfg = Debug|Any CPU
		{A924AF0D-16D2-3EFB-33EC-A6D27C7A0680}.Debug|Any CPU.Build.0 = Debug|Any CPU
		{A924AF0D-16D2-3EFB-33EC-A6D27C7A0680}.Release|Any CPU.ActiveCfg = Release|Any CPU
		{A924AF0D-16D2-3EFB-33EC-A6D27C7A0680}.Release|Any CPU.Build.0 = Release|Any CPU
		{C3B1E038-3B1D-D0FF-BB09-BD60B80F7C33}.Debug|Any CPU.ActiveCfg = Debug|Any CPU
		{C3B1E038-3B1D-D0FF-BB09-BD60B80F7C33}.Debug|Any CPU.Build.0 = Debug|Any CPU
		{C3B1E038-3B1D-D0FF-BB09-BD60B80F7C33}.Release|Any CPU.ActiveCfg = Release|Any CPU
		{C3B1E038-3B1D-D0FF-BB09-BD60B80F7C33}.Release|Any CPU.Build.0 = Release|Any CPU
		{591CBDBF-CA1C-2214-B545-F540C17BA6BB}.Debug|Any CPU.ActiveCfg = Debug|Any CPU
		{591CBDBF-CA1C-2214-B545-F540C17BA6BB}.Debug|Any CPU.Build.0 = Debug|Any CPU
		{591CBDBF-CA1C-2214-B545-F540C17BA6BB}.Release|Any CPU.ActiveCfg = Release|Any CPU
		{591CBDBF-CA1C-2214-B545-F540C17BA6BB}.Release|Any CPU.Build.0 = Release|Any CPU
		{83936C0D-350D-BDE2-46E7-503483F3FA95}.Debug|Any CPU.ActiveCfg = Debug|Any CPU
		{83936C0D-350D-BDE2-46E7-503483F3FA95}.Debug|Any CPU.Build.0 = Debug|Any CPU
		{83936C0D-350D-BDE2-46E7-503483F3FA95}.Release|Any CPU.ActiveCfg = Release|Any CPU
		{83936C0D-350D-BDE2-46E7-503483F3FA95}.Release|Any CPU.Build.0 = Release|Any CPU
		{00E999B3-D575-3829-D078-6458E866E5C2}.Debug|Any CPU.ActiveCfg = Debug|Any CPU
		{00E999B3-D575-3829-D078-6458E866E5C2}.Debug|Any CPU.Build.0 = Debug|Any CPU
		{00E999B3-D575-3829-D078-6458E866E5C2}.Release|Any CPU.ActiveCfg = Release|Any CPU
		{00E999B3-D575-3829-D078-6458E866E5C2}.Release|Any CPU.Build.0 = Release|Any CPU
		{D80D8D22-A6AB-F77F-C0BD-B89D3B1A9579}.Debug|Any CPU.ActiveCfg = Debug|Any CPU
		{D80D8D22-A6AB-F77F-C0BD-B89D3B1A9579}.Debug|Any CPU.Build.0 = Debug|Any CPU
		{D80D8D22-A6AB-F77F-C0BD-B89D3B1A9579}.Release|Any CPU.ActiveCfg = Release|Any CPU
		{D80D8D22-A6AB-F77F-C0BD-B89D3B1A9579}.Release|Any CPU.Build.0 = Release|Any CPU
		{890DF1A8-ADCE-061C-40B3-B5D268A87C35}.Debug|Any CPU.ActiveCfg = Debug|Any CPU
		{890DF1A8-ADCE-061C-40B3-B5D268A87C35}.Debug|Any CPU.Build.0 = Debug|Any CPU
		{890DF1A8-ADCE-061C-40B3-B5D268A87C35}.Release|Any CPU.ActiveCfg = Release|Any CPU
		{890DF1A8-ADCE-061C-40B3-B5D268A87C35}.Release|Any CPU.Build.0 = Release|Any CPU
		{029A4654-959E-4BC3-57F7-C25FE0565EAB}.Debug|Any CPU.ActiveCfg = Debug|Any CPU
		{029A4654-959E-4BC3-57F7-C25FE0565EAB}.Debug|Any CPU.Build.0 = Debug|Any CPU
		{029A4654-959E-4BC3-57F7-C25FE0565EAB}.Release|Any CPU.ActiveCfg = Release|Any CPU
		{029A4654-959E-4BC3-57F7-C25FE0565EAB}.Release|Any CPU.Build.0 = Release|Any CPU
		{40D07E7B-0E6A-F419-6CB6-694DCF2803F8}.Debug|Any CPU.ActiveCfg = Debug|Any CPU
		{40D07E7B-0E6A-F419-6CB6-694DCF2803F8}.Debug|Any CPU.Build.0 = Debug|Any CPU
		{40D07E7B-0E6A-F419-6CB6-694DCF2803F8}.Release|Any CPU.ActiveCfg = Release|Any CPU
		{40D07E7B-0E6A-F419-6CB6-694DCF2803F8}.Release|Any CPU.Build.0 = Release|Any CPU
		{867723EE-83DC-43AB-BBD4-1FC60BB6200E}.Debug|Any CPU.ActiveCfg = Debug|Any CPU
		{867723EE-83DC-43AB-BBD4-1FC60BB6200E}.Debug|Any CPU.Build.0 = Debug|Any CPU
		{867723EE-83DC-43AB-BBD4-1FC60BB6200E}.Release|Any CPU.ActiveCfg = Release|Any CPU
		{867723EE-83DC-43AB-BBD4-1FC60BB6200E}.Release|Any CPU.Build.0 = Release|Any CPU
		{03704A6E-1968-E359-9DEE-91E38D35C138}.Debug|Any CPU.ActiveCfg = Debug|Any CPU
		{03704A6E-1968-E359-9DEE-91E38D35C138}.Debug|Any CPU.Build.0 = Debug|Any CPU
		{03704A6E-1968-E359-9DEE-91E38D35C138}.Release|Any CPU.ActiveCfg = Release|Any CPU
		{03704A6E-1968-E359-9DEE-91E38D35C138}.Release|Any CPU.Build.0 = Release|Any CPU
		{C239D78E-2DAB-1CCF-1F35-410F8EF63527}.Debug|Any CPU.ActiveCfg = Debug|Any CPU
		{C239D78E-2DAB-1CCF-1F35-410F8EF63527}.Debug|Any CPU.Build.0 = Debug|Any CPU
		{C239D78E-2DAB-1CCF-1F35-410F8EF63527}.Release|Any CPU.ActiveCfg = Release|Any CPU
		{C239D78E-2DAB-1CCF-1F35-410F8EF63527}.Release|Any CPU.Build.0 = Release|Any CPU
		{A41CC97F-323A-6BB1-D877-470DB38E9E47}.Debug|Any CPU.ActiveCfg = Debug|Any CPU
		{A41CC97F-323A-6BB1-D877-470DB38E9E47}.Debug|Any CPU.Build.0 = Debug|Any CPU
		{A41CC97F-323A-6BB1-D877-470DB38E9E47}.Release|Any CPU.ActiveCfg = Release|Any CPU
		{A41CC97F-323A-6BB1-D877-470DB38E9E47}.Release|Any CPU.Build.0 = Release|Any CPU
		{0BCAAD77-F9EC-1175-702F-2DB9E09DD563}.Debug|Any CPU.ActiveCfg = Debug|Any CPU
		{0BCAAD77-F9EC-1175-702F-2DB9E09DD563}.Debug|Any CPU.Build.0 = Debug|Any CPU
		{0BCAAD77-F9EC-1175-702F-2DB9E09DD563}.Release|Any CPU.ActiveCfg = Release|Any CPU
		{0BCAAD77-F9EC-1175-702F-2DB9E09DD563}.Release|Any CPU.Build.0 = Release|Any CPU
		{40CAE0AB-6851-CD66-0C59-2C05765AB551}.Debug|Any CPU.ActiveCfg = Debug|Any CPU
		{40CAE0AB-6851-CD66-0C59-2C05765AB551}.Debug|Any CPU.Build.0 = Debug|Any CPU
		{40CAE0AB-6851-CD66-0C59-2C05765AB551}.Release|Any CPU.ActiveCfg = Release|Any CPU
		{40CAE0AB-6851-CD66-0C59-2C05765AB551}.Release|Any CPU.Build.0 = Release|Any CPU
		{84723CBF-E6C1-3032-6271-F030892E5F92}.Debug|Any CPU.ActiveCfg = Debug|Any CPU
		{84723CBF-E6C1-3032-6271-F030892E5F92}.Debug|Any CPU.Build.0 = Debug|Any CPU
		{84723CBF-E6C1-3032-6271-F030892E5F92}.Release|Any CPU.ActiveCfg = Release|Any CPU
		{84723CBF-E6C1-3032-6271-F030892E5F92}.Release|Any CPU.Build.0 = Release|Any CPU
		{649A2768-0E2A-EBC8-5C79-157657F4E225}.Debug|Any CPU.ActiveCfg = Debug|Any CPU
		{649A2768-0E2A-EBC8-5C79-157657F4E225}.Debug|Any CPU.Build.0 = Debug|Any CPU
		{649A2768-0E2A-EBC8-5C79-157657F4E225}.Release|Any CPU.ActiveCfg = Release|Any CPU
		{649A2768-0E2A-EBC8-5C79-157657F4E225}.Release|Any CPU.Build.0 = Release|Any CPU
		{6D1D8FF8-6550-08EE-90B8-FB01E296285A}.Debug|Any CPU.ActiveCfg = Debug|Any CPU
		{6D1D8FF8-6550-08EE-90B8-FB01E296285A}.Debug|Any CPU.Build.0 = Debug|Any CPU
		{6D1D8FF8-6550-08EE-90B8-FB01E296285A}.Release|Any CPU.ActiveCfg = Release|Any CPU
		{6D1D8FF8-6550-08EE-90B8-FB01E296285A}.Release|Any CPU.Build.0 = Release|Any CPU
		{EDD21832-ED2C-E9D7-3361-6D239C5B3993}.Debug|Any CPU.ActiveCfg = Debug|Any CPU
		{EDD21832-ED2C-E9D7-3361-6D239C5B3993}.Debug|Any CPU.Build.0 = Debug|Any CPU
		{EDD21832-ED2C-E9D7-3361-6D239C5B3993}.Release|Any CPU.ActiveCfg = Release|Any CPU
		{EDD21832-ED2C-E9D7-3361-6D239C5B3993}.Release|Any CPU.Build.0 = Release|Any CPU
		{8FAF6943-D6EA-0878-BB49-BE5518F55F1F}.Debug|Any CPU.ActiveCfg = Debug|Any CPU
		{8FAF6943-D6EA-0878-BB49-BE5518F55F1F}.Debug|Any CPU.Build.0 = Debug|Any CPU
		{8FAF6943-D6EA-0878-BB49-BE5518F55F1F}.Release|Any CPU.ActiveCfg = Release|Any CPU
		{8FAF6943-D6EA-0878-BB49-BE5518F55F1F}.Release|Any CPU.Build.0 = Release|Any CPU
		{73A86A84-1084-98D8-11F3-3093110CE2F7}.Debug|Any CPU.ActiveCfg = Debug|Any CPU
		{73A86A84-1084-98D8-11F3-3093110CE2F7}.Debug|Any CPU.Build.0 = Debug|Any CPU
		{73A86A84-1084-98D8-11F3-3093110CE2F7}.Release|Any CPU.ActiveCfg = Release|Any CPU
		{73A86A84-1084-98D8-11F3-3093110CE2F7}.Release|Any CPU.Build.0 = Release|Any CPU
		{EBEF1E04-16C6-08F6-278E-3FE675921ED5}.Debug|Any CPU.ActiveCfg = Debug|Any CPU
		{EBEF1E04-16C6-08F6-278E-3FE675921ED5}.Debug|Any CPU.Build.0 = Debug|Any CPU
		{EBEF1E04-16C6-08F6-278E-3FE675921ED5}.Release|Any CPU.ActiveCfg = Release|Any CPU
		{EBEF1E04-16C6-08F6-278E-3FE675921ED5}.Release|Any CPU.Build.0 = Release|Any CPU
		{91D56E45-2F5C-D49F-DD67-231C9D61FBD7}.Debug|Any CPU.ActiveCfg = Debug|Any CPU
		{91D56E45-2F5C-D49F-DD67-231C9D61FBD7}.Debug|Any CPU.Build.0 = Debug|Any CPU
		{91D56E45-2F5C-D49F-DD67-231C9D61FBD7}.Release|Any CPU.ActiveCfg = Release|Any CPU
		{91D56E45-2F5C-D49F-DD67-231C9D61FBD7}.Release|Any CPU.Build.0 = Release|Any CPU
		{07125D35-8BB2-9A80-C2E3-9C9B7F26C61F}.Debug|Any CPU.ActiveCfg = Debug|Any CPU
		{07125D35-8BB2-9A80-C2E3-9C9B7F26C61F}.Debug|Any CPU.Build.0 = Debug|Any CPU
		{07125D35-8BB2-9A80-C2E3-9C9B7F26C61F}.Release|Any CPU.ActiveCfg = Release|Any CPU
		{07125D35-8BB2-9A80-C2E3-9C9B7F26C61F}.Release|Any CPU.Build.0 = Release|Any CPU
		{B592B1A2-AB69-B297-2578-04C9A4B9CB20}.Debug|Any CPU.ActiveCfg = Debug|Any CPU
		{B592B1A2-AB69-B297-2578-04C9A4B9CB20}.Debug|Any CPU.Build.0 = Debug|Any CPU
		{B592B1A2-AB69-B297-2578-04C9A4B9CB20}.Release|Any CPU.ActiveCfg = Release|Any CPU
		{B592B1A2-AB69-B297-2578-04C9A4B9CB20}.Release|Any CPU.Build.0 = Release|Any CPU
		{94F3E4CE-FF3C-693E-0211-EF027E57BFC5}.Debug|Any CPU.ActiveCfg = Debug|Any CPU
		{94F3E4CE-FF3C-693E-0211-EF027E57BFC5}.Debug|Any CPU.Build.0 = Debug|Any CPU
		{94F3E4CE-FF3C-693E-0211-EF027E57BFC5}.Release|Any CPU.ActiveCfg = Release|Any CPU
		{94F3E4CE-FF3C-693E-0211-EF027E57BFC5}.Release|Any CPU.Build.0 = Release|Any CPU
		{EAD635E5-B59C-4A8C-B0CF-18EBA91F12E2}.Debug|Any CPU.ActiveCfg = Debug|Any CPU
		{EAD635E5-B59C-4A8C-B0CF-18EBA91F12E2}.Debug|Any CPU.Build.0 = Debug|Any CPU
		{EAD635E5-B59C-4A8C-B0CF-18EBA91F12E2}.Release|Any CPU.ActiveCfg = Release|Any CPU
		{EAD635E5-B59C-4A8C-B0CF-18EBA91F12E2}.Release|Any CPU.Build.0 = Release|Any CPU
		{41FC859B-2FFD-442F-21B8-DD5D1BB3349C}.Debug|Any CPU.ActiveCfg = Debug|Any CPU
		{41FC859B-2FFD-442F-21B8-DD5D1BB3349C}.Debug|Any CPU.Build.0 = Debug|Any CPU
		{41FC859B-2FFD-442F-21B8-DD5D1BB3349C}.Release|Any CPU.ActiveCfg = Release|Any CPU
		{41FC859B-2FFD-442F-21B8-DD5D1BB3349C}.Release|Any CPU.Build.0 = Release|Any CPU
		{C90B32D8-0A01-C900-DFB9-03E79A5DFB6B}.Debug|Any CPU.ActiveCfg = Debug|Any CPU
		{C90B32D8-0A01-C900-DFB9-03E79A5DFB6B}.Debug|Any CPU.Build.0 = Debug|Any CPU
		{C90B32D8-0A01-C900-DFB9-03E79A5DFB6B}.Release|Any CPU.ActiveCfg = Release|Any CPU
		{C90B32D8-0A01-C900-DFB9-03E79A5DFB6B}.Release|Any CPU.Build.0 = Release|Any CPU
		{DC989990-D5D3-A1F9-C324-F95E29725B2F}.Debug|Any CPU.ActiveCfg = Debug|Any CPU
		{DC989990-D5D3-A1F9-C324-F95E29725B2F}.Debug|Any CPU.Build.0 = Debug|Any CPU
		{DC989990-D5D3-A1F9-C324-F95E29725B2F}.Release|Any CPU.ActiveCfg = Release|Any CPU
		{DC989990-D5D3-A1F9-C324-F95E29725B2F}.Release|Any CPU.Build.0 = Release|Any CPU
		{5C09CEFD-3496-45F0-69AC-C544A7749508}.Debug|Any CPU.ActiveCfg = Debug|Any CPU
		{5C09CEFD-3496-45F0-69AC-C544A7749508}.Debug|Any CPU.Build.0 = Debug|Any CPU
		{5C09CEFD-3496-45F0-69AC-C544A7749508}.Release|Any CPU.ActiveCfg = Release|Any CPU
		{5C09CEFD-3496-45F0-69AC-C544A7749508}.Release|Any CPU.Build.0 = Release|Any CPU
		{4E67D860-3290-27B9-527D-4459A56EECA4}.Debug|Any CPU.ActiveCfg = Debug|Any CPU
		{4E67D860-3290-27B9-527D-4459A56EECA4}.Debug|Any CPU.Build.0 = Debug|Any CPU
		{4E67D860-3290-27B9-527D-4459A56EECA4}.Release|Any CPU.ActiveCfg = Release|Any CPU
		{4E67D860-3290-27B9-527D-4459A56EECA4}.Release|Any CPU.Build.0 = Release|Any CPU
		{2DAD5EF9-D8AA-0614-15AC-CAE2BF6BBECB}.Debug|Any CPU.ActiveCfg = Debug|Any CPU
		{2DAD5EF9-D8AA-0614-15AC-CAE2BF6BBECB}.Debug|Any CPU.Build.0 = Debug|Any CPU
		{2DAD5EF9-D8AA-0614-15AC-CAE2BF6BBECB}.Release|Any CPU.ActiveCfg = Release|Any CPU
		{2DAD5EF9-D8AA-0614-15AC-CAE2BF6BBECB}.Release|Any CPU.Build.0 = Release|Any CPU
		{032EF35F-0462-E97D-05BA-0755D1B72C2A}.Debug|Any CPU.ActiveCfg = Debug|Any CPU
		{032EF35F-0462-E97D-05BA-0755D1B72C2A}.Debug|Any CPU.Build.0 = Debug|Any CPU
		{032EF35F-0462-E97D-05BA-0755D1B72C2A}.Release|Any CPU.ActiveCfg = Release|Any CPU
		{032EF35F-0462-E97D-05BA-0755D1B72C2A}.Release|Any CPU.Build.0 = Release|Any CPU
		{FB0CF453-C5E0-41D9-7B01-237CEF7F73F8}.Debug|Any CPU.ActiveCfg = Debug|Any CPU
		{FB0CF453-C5E0-41D9-7B01-237CEF7F73F8}.Debug|Any CPU.Build.0 = Debug|Any CPU
		{FB0CF453-C5E0-41D9-7B01-237CEF7F73F8}.Release|Any CPU.ActiveCfg = Release|Any CPU
		{FB0CF453-C5E0-41D9-7B01-237CEF7F73F8}.Release|Any CPU.Build.0 = Release|Any CPU
		{28CBD4D0-DD2D-E078-730D-4F07C73A4BF6}.Debug|Any CPU.ActiveCfg = Debug|Any CPU
		{28CBD4D0-DD2D-E078-730D-4F07C73A4BF6}.Debug|Any CPU.Build.0 = Debug|Any CPU
		{28CBD4D0-DD2D-E078-730D-4F07C73A4BF6}.Release|Any CPU.ActiveCfg = Release|Any CPU
		{28CBD4D0-DD2D-E078-730D-4F07C73A4BF6}.Release|Any CPU.Build.0 = Release|Any CPU
		{D9DD59A1-076D-1B0C-E562-D307305CA3E3}.Debug|Any CPU.ActiveCfg = Debug|Any CPU
		{D9DD59A1-076D-1B0C-E562-D307305CA3E3}.Debug|Any CPU.Build.0 = Debug|Any CPU
		{D9DD59A1-076D-1B0C-E562-D307305CA3E3}.Release|Any CPU.ActiveCfg = Release|Any CPU
		{D9DD59A1-076D-1B0C-E562-D307305CA3E3}.Release|Any CPU.Build.0 = Release|Any CPU
		{6626CE65-F62A-EF00-0293-A8C5C4A6E2CF}.Debug|Any CPU.ActiveCfg = Debug|Any CPU
		{6626CE65-F62A-EF00-0293-A8C5C4A6E2CF}.Debug|Any CPU.Build.0 = Debug|Any CPU
		{6626CE65-F62A-EF00-0293-A8C5C4A6E2CF}.Release|Any CPU.ActiveCfg = Release|Any CPU
		{6626CE65-F62A-EF00-0293-A8C5C4A6E2CF}.Release|Any CPU.Build.0 = Release|Any CPU
	EndGlobalSection
	GlobalSection(SolutionProperties) = preSolution
		HideSolutionNode = FALSE
	EndGlobalSection
EndGlobal
